
Microsoft Visual Studio Solution File, Format Version 12.00
# Visual Studio Version 17
VisualStudioVersion = 17.7.34031.279
MinimumVisualStudioVersion = 10.0.40219.1
Project("{FAE04EC0-301F-11D3-BF4B-00C04F79EFBC}") = "tarea2.1", "tarea2.1.csproj", "{A463D809-5AC4-41E5-A935-D58823731D34}"
EndProject
Global
	GlobalSection(SolutionConfigurationPlatforms) = preSolution
		Debug|Any CPU = Debug|Any CPU
		Release|Any CPU = Release|Any CPU
	EndGlobalSection
	GlobalSection(ProjectConfigurationPlatforms) = postSolution
		{A463D809-5AC4-41E5-A935-D58823731D34}.Debug|Any CPU.ActiveCfg = Debug|Any CPU
		{A463D809-5AC4-41E5-A935-D58823731D34}.Debug|Any CPU.Build.0 = Debug|Any CPU
		{A463D809-5AC4-41E5-A935-D58823731D34}.Release|Any CPU.ActiveCfg = Release|Any CPU
		{A463D809-5AC4-41E5-A935-D58823731D34}.Release|Any CPU.Build.0 = Release|Any CPU
	EndGlobalSection
	GlobalSection(SolutionProperties) = preSolution
		HideSolutionNode = FALSE
	EndGlobalSection
	GlobalSection(ExtensibilityGlobals) = postSolution
		SolutionGuid = {B965C1F4-9EE1-4149-BE64-FC168796C1E1}
	EndGlobalSection
EndGlobal
